// !$*UTF8*$!
{
	archiveVersion = 1;
	classes = {
	};
	objectVersion = 46;
	objects = {

/* Begin PBXBuildFile section */
		A29FC1111A5D9269006BC315 /* AppDelegate.swift in Sources */ = {isa = PBXBuildFile; fileRef = A29FC1101A5D9269006BC315 /* AppDelegate.swift */; };
		A29FC1131A5D9269006BC315 /* ViewController.swift in Sources */ = {isa = PBXBuildFile; fileRef = A29FC1121A5D9269006BC315 /* ViewController.swift */; };
		A29FC1161A5D9269006BC315 /* Main.storyboard in Resources */ = {isa = PBXBuildFile; fileRef = A29FC1141A5D9269006BC315 /* Main.storyboard */; };
		A29FC1181A5D9269006BC315 /* Images.xcassets in Resources */ = {isa = PBXBuildFile; fileRef = A29FC1171A5D9269006BC315 /* Images.xcassets */; };
		A29FC11B1A5D9269006BC315 /* LaunchScreen.xib in Resources */ = {isa = PBXBuildFile; fileRef = A29FC1191A5D9269006BC315 /* LaunchScreen.xib */; };
		A29FC1271A5D9269006BC315 /* LoginTests.swift in Sources */ = {isa = PBXBuildFile; fileRef = A29FC1261A5D9269006BC315 /* LoginTests.swift */; };
		A29FC1351A5D92B2006BC315 /* Bolts.framework in Frameworks */ = {isa = PBXBuildFile; fileRef = A29FC1301A5D92B2006BC315 /* Bolts.framework */; };
		A29FC1361A5D92B2006BC315 /* Parse.framework in Frameworks */ = {isa = PBXBuildFile; fileRef = A29FC1311A5D92B2006BC315 /* Parse.framework */; };
		A29FC1371A5D92B2006BC315 /* ParseCrashReporting.framework in Frameworks */ = {isa = PBXBuildFile; fileRef = A29FC1321A5D92B2006BC315 /* ParseCrashReporting.framework */; };
		A29FC1381A5D92B2006BC315 /* ParseFacebookUtils.framework in Frameworks */ = {isa = PBXBuildFile; fileRef = A29FC1331A5D92B2006BC315 /* ParseFacebookUtils.framework */; };
		A29FC1391A5D92B2006BC315 /* ParseUI.framework in Frameworks */ = {isa = PBXBuildFile; fileRef = A29FC1341A5D92B2006BC315 /* ParseUI.framework */; };
		A29FC1471A5D9361006BC315 /* Accounts.framework in Frameworks */ = {isa = PBXBuildFile; fileRef = A29FC13A1A5D9361006BC315 /* Accounts.framework */; };
		A29FC1481A5D9361006BC315 /* AudioToolbox.framework in Frameworks */ = {isa = PBXBuildFile; fileRef = A29FC13B1A5D9361006BC315 /* AudioToolbox.framework */; };
		A29FC1491A5D9361006BC315 /* CFNetwork.framework in Frameworks */ = {isa = PBXBuildFile; fileRef = A29FC13C1A5D9361006BC315 /* CFNetwork.framework */; };
		A29FC14A1A5D9361006BC315 /* CoreGraphics.framework in Frameworks */ = {isa = PBXBuildFile; fileRef = A29FC13D1A5D9361006BC315 /* CoreGraphics.framework */; };
		A29FC14B1A5D9361006BC315 /* CoreLocation.framework in Frameworks */ = {isa = PBXBuildFile; fileRef = A29FC13E1A5D9361006BC315 /* CoreLocation.framework */; };
		A29FC14C1A5D9361006BC315 /* MobileCoreServices.framework in Frameworks */ = {isa = PBXBuildFile; fileRef = A29FC13F1A5D9361006BC315 /* MobileCoreServices.framework */; };
		A29FC14D1A5D9361006BC315 /* QuartzCore.framework in Frameworks */ = {isa = PBXBuildFile; fileRef = A29FC1401A5D9361006BC315 /* QuartzCore.framework */; };
		A29FC14E1A5D9361006BC315 /* Security.framework in Frameworks */ = {isa = PBXBuildFile; fileRef = A29FC1411A5D9361006BC315 /* Security.framework */; };
		A29FC14F1A5D9361006BC315 /* Social.framework in Frameworks */ = {isa = PBXBuildFile; fileRef = A29FC1421A5D9361006BC315 /* Social.framework */; };
		A29FC1501A5D9361006BC315 /* StoreKit.framework in Frameworks */ = {isa = PBXBuildFile; fileRef = A29FC1431A5D9361006BC315 /* StoreKit.framework */; };
		A29FC1511A5D9361006BC315 /* SystemConfiguration.framework in Frameworks */ = {isa = PBXBuildFile; fileRef = A29FC1441A5D9361006BC315 /* SystemConfiguration.framework */; };
		A29FC1521A5D9361006BC315 /* Twitter.framework in Frameworks */ = {isa = PBXBuildFile; fileRef = A29FC1451A5D9361006BC315 /* Twitter.framework */; };
		A29FC1531A5D9361006BC315 /* UIKit.framework in Frameworks */ = {isa = PBXBuildFile; fileRef = A29FC1461A5D9361006BC315 /* UIKit.framework */; };
		A29FC1551A5D936D006BC315 /* libz.dylib in Frameworks */ = {isa = PBXBuildFile; fileRef = A29FC1541A5D936D006BC315 /* libz.dylib */; };
		A29FC1571A5D9375006BC315 /* libsqlite3.dylib in Frameworks */ = {isa = PBXBuildFile; fileRef = A29FC1561A5D9375006BC315 /* libsqlite3.dylib */; };
		A29FC15C1A5D9669006BC315 /* CreateUser.swift in Sources */ = {isa = PBXBuildFile; fileRef = A29FC15B1A5D9669006BC315 /* CreateUser.swift */; };
/* End PBXBuildFile section */

/* Begin PBXContainerItemProxy section */
		A29FC1211A5D9269006BC315 /* PBXContainerItemProxy */ = {
			isa = PBXContainerItemProxy;
			containerPortal = A29FC1031A5D9269006BC315 /* Project object */;
			proxyType = 1;
			remoteGlobalIDString = A29FC10A1A5D9269006BC315;
			remoteInfo = Login;
		};
/* End PBXContainerItemProxy section */

/* Begin PBXFileReference section */
		A29FC10B1A5D9269006BC315 /* Login.app */ = {isa = PBXFileReference; explicitFileType = wrapper.application; includeInIndex = 0; path = Login.app; sourceTree = BUILT_PRODUCTS_DIR; };
		A29FC10F1A5D9269006BC315 /* Info.plist */ = {isa = PBXFileReference; lastKnownFileType = text.plist.xml; path = Info.plist; sourceTree = "<group>"; };
		A29FC1101A5D9269006BC315 /* AppDelegate.swift */ = {isa = PBXFileReference; lastKnownFileType = sourcecode.swift; path = AppDelegate.swift; sourceTree = "<group>"; };
		A29FC1121A5D9269006BC315 /* ViewController.swift */ = {isa = PBXFileReference; lastKnownFileType = sourcecode.swift; path = ViewController.swift; sourceTree = "<group>"; };
		A29FC1151A5D9269006BC315 /* Base */ = {isa = PBXFileReference; lastKnownFileType = file.storyboard; name = Base; path = Base.lproj/Main.storyboard; sourceTree = "<group>"; };
		A29FC1171A5D9269006BC315 /* Images.xcassets */ = {isa = PBXFileReference; lastKnownFileType = folder.assetcatalog; path = Images.xcassets; sourceTree = "<group>"; };
		A29FC11A1A5D9269006BC315 /* Base */ = {isa = PBXFileReference; lastKnownFileType = file.xib; name = Base; path = Base.lproj/LaunchScreen.xib; sourceTree = "<group>"; };
		A29FC1201A5D9269006BC315 /* LoginTests.xctest */ = {isa = PBXFileReference; explicitFileType = wrapper.cfbundle; includeInIndex = 0; path = LoginTests.xctest; sourceTree = BUILT_PRODUCTS_DIR; };
		A29FC1251A5D9269006BC315 /* Info.plist */ = {isa = PBXFileReference; lastKnownFileType = text.plist.xml; path = Info.plist; sourceTree = "<group>"; };
		A29FC1261A5D9269006BC315 /* LoginTests.swift */ = {isa = PBXFileReference; lastKnownFileType = sourcecode.swift; path = LoginTests.swift; sourceTree = "<group>"; };
		A29FC1301A5D92B2006BC315 /* Bolts.framework */ = {isa = PBXFileReference; lastKnownFileType = wrapper.framework; path = Bolts.framework; sourceTree = "<group>"; };
		A29FC1311A5D92B2006BC315 /* Parse.framework */ = {isa = PBXFileReference; lastKnownFileType = wrapper.framework; path = Parse.framework; sourceTree = "<group>"; };
		A29FC1321A5D92B2006BC315 /* ParseCrashReporting.framework */ = {isa = PBXFileReference; lastKnownFileType = wrapper.framework; path = ParseCrashReporting.framework; sourceTree = "<group>"; };
		A29FC1331A5D92B2006BC315 /* ParseFacebookUtils.framework */ = {isa = PBXFileReference; lastKnownFileType = wrapper.framework; path = ParseFacebookUtils.framework; sourceTree = "<group>"; };
		A29FC1341A5D92B2006BC315 /* ParseUI.framework */ = {isa = PBXFileReference; lastKnownFileType = wrapper.framework; path = ParseUI.framework; sourceTree = "<group>"; };
		A29FC13A1A5D9361006BC315 /* Accounts.framework */ = {isa = PBXFileReference; lastKnownFileType = wrapper.framework; name = Accounts.framework; path = System/Library/Frameworks/Accounts.framework; sourceTree = SDKROOT; };
		A29FC13B1A5D9361006BC315 /* AudioToolbox.framework */ = {isa = PBXFileReference; lastKnownFileType = wrapper.framework; name = AudioToolbox.framework; path = System/Library/Frameworks/AudioToolbox.framework; sourceTree = SDKROOT; };
		A29FC13C1A5D9361006BC315 /* CFNetwork.framework */ = {isa = PBXFileReference; lastKnownFileType = wrapper.framework; name = CFNetwork.framework; path = System/Library/Frameworks/CFNetwork.framework; sourceTree = SDKROOT; };
		A29FC13D1A5D9361006BC315 /* CoreGraphics.framework */ = {isa = PBXFileReference; lastKnownFileType = wrapper.framework; name = CoreGraphics.framework; path = System/Library/Frameworks/CoreGraphics.framework; sourceTree = SDKROOT; };
		A29FC13E1A5D9361006BC315 /* CoreLocation.framework */ = {isa = PBXFileReference; lastKnownFileType = wrapper.framework; name = CoreLocation.framework; path = System/Library/Frameworks/CoreLocation.framework; sourceTree = SDKROOT; };
		A29FC13F1A5D9361006BC315 /* MobileCoreServices.framework */ = {isa = PBXFileReference; lastKnownFileType = wrapper.framework; name = MobileCoreServices.framework; path = System/Library/Frameworks/MobileCoreServices.framework; sourceTree = SDKROOT; };
		A29FC1401A5D9361006BC315 /* QuartzCore.framework */ = {isa = PBXFileReference; lastKnownFileType = wrapper.framework; name = QuartzCore.framework; path = System/Library/Frameworks/QuartzCore.framework; sourceTree = SDKROOT; };
		A29FC1411A5D9361006BC315 /* Security.framework */ = {isa = PBXFileReference; lastKnownFileType = wrapper.framework; name = Security.framework; path = System/Library/Frameworks/Security.framework; sourceTree = SDKROOT; };
		A29FC1421A5D9361006BC315 /* Social.framework */ = {isa = PBXFileReference; lastKnownFileType = wrapper.framework; name = Social.framework; path = System/Library/Frameworks/Social.framework; sourceTree = SDKROOT; };
		A29FC1431A5D9361006BC315 /* StoreKit.framework */ = {isa = PBXFileReference; lastKnownFileType = wrapper.framework; name = StoreKit.framework; path = System/Library/Frameworks/StoreKit.framework; sourceTree = SDKROOT; };
		A29FC1441A5D9361006BC315 /* SystemConfiguration.framework */ = {isa = PBXFileReference; lastKnownFileType = wrapper.framework; name = SystemConfiguration.framework; path = System/Library/Frameworks/SystemConfiguration.framework; sourceTree = SDKROOT; };
		A29FC1451A5D9361006BC315 /* Twitter.framework */ = {isa = PBXFileReference; lastKnownFileType = wrapper.framework; name = Twitter.framework; path = System/Library/Frameworks/Twitter.framework; sourceTree = SDKROOT; };
		A29FC1461A5D9361006BC315 /* UIKit.framework */ = {isa = PBXFileReference; lastKnownFileType = wrapper.framework; name = UIKit.framework; path = System/Library/Frameworks/UIKit.framework; sourceTree = SDKROOT; };
		A29FC1541A5D936D006BC315 /* libz.dylib */ = {isa = PBXFileReference; lastKnownFileType = "compiled.mach-o.dylib"; name = libz.dylib; path = usr/lib/libz.dylib; sourceTree = SDKROOT; };
		A29FC1561A5D9375006BC315 /* libsqlite3.dylib */ = {isa = PBXFileReference; lastKnownFileType = "compiled.mach-o.dylib"; name = libsqlite3.dylib; path = usr/lib/libsqlite3.dylib; sourceTree = SDKROOT; };
		A29FC1581A5D9568006BC315 /* Login-Bridging-Header.h */ = {isa = PBXFileReference; lastKnownFileType = sourcecode.c.h; path = "Login-Bridging-Header.h"; sourceTree = "<group>"; };
		A29FC15B1A5D9669006BC315 /* CreateUser.swift */ = {isa = PBXFileReference; fileEncoding = 4; lastKnownFileType = sourcecode.swift; path = CreateUser.swift; sourceTree = "<group>"; };
/* End PBXFileReference section */

/* Begin PBXFrameworksBuildPhase section */
		A29FC1081A5D9269006BC315 /* Frameworks */ = {
			isa = PBXFrameworksBuildPhase;
			buildActionMask = 2147483647;
			files = (
				A29FC1571A5D9375006BC315 /* libsqlite3.dylib in Frameworks */,
				A29FC1551A5D936D006BC315 /* libz.dylib in Frameworks */,
				A29FC1471A5D9361006BC315 /* Accounts.framework in Frameworks */,
				A29FC1481A5D9361006BC315 /* AudioToolbox.framework in Frameworks */,
				A29FC1491A5D9361006BC315 /* CFNetwork.framework in Frameworks */,
				A29FC14A1A5D9361006BC315 /* CoreGraphics.framework in Frameworks */,
				A29FC14B1A5D9361006BC315 /* CoreLocation.framework in Frameworks */,
				A29FC14C1A5D9361006BC315 /* MobileCoreServices.framework in Frameworks */,
				A29FC14D1A5D9361006BC315 /* QuartzCore.framework in Frameworks */,
				A29FC14E1A5D9361006BC315 /* Security.framework in Frameworks */,
				A29FC14F1A5D9361006BC315 /* Social.framework in Frameworks */,
				A29FC1501A5D9361006BC315 /* StoreKit.framework in Frameworks */,
				A29FC1511A5D9361006BC315 /* SystemConfiguration.framework in Frameworks */,
				A29FC1521A5D9361006BC315 /* Twitter.framework in Frameworks */,
				A29FC1531A5D9361006BC315 /* UIKit.framework in Frameworks */,
				A29FC1361A5D92B2006BC315 /* Parse.framework in Frameworks */,
				A29FC1371A5D92B2006BC315 /* ParseCrashReporting.framework in Frameworks */,
				A29FC1391A5D92B2006BC315 /* ParseUI.framework in Frameworks */,
				A29FC1381A5D92B2006BC315 /* ParseFacebookUtils.framework in Frameworks */,
				A29FC1351A5D92B2006BC315 /* Bolts.framework in Frameworks */,
			);
			runOnlyForDeploymentPostprocessing = 0;
		};
		A29FC11D1A5D9269006BC315 /* Frameworks */ = {
			isa = PBXFrameworksBuildPhase;
			buildActionMask = 2147483647;
			files = (
			);
			runOnlyForDeploymentPostprocessing = 0;
		};
/* End PBXFrameworksBuildPhase section */

/* Begin PBXGroup section */
		A29FC1021A5D9269006BC315 = {
			isa = PBXGroup;
			children = (
				A29FC1561A5D9375006BC315 /* libsqlite3.dylib */,
				A29FC1541A5D936D006BC315 /* libz.dylib */,
				A29FC13A1A5D9361006BC315 /* Accounts.framework */,
				A29FC13B1A5D9361006BC315 /* AudioToolbox.framework */,
				A29FC13C1A5D9361006BC315 /* CFNetwork.framework */,
				A29FC13D1A5D9361006BC315 /* CoreGraphics.framework */,
				A29FC13E1A5D9361006BC315 /* CoreLocation.framework */,
				A29FC13F1A5D9361006BC315 /* MobileCoreServices.framework */,
				A29FC1401A5D9361006BC315 /* QuartzCore.framework */,
				A29FC1411A5D9361006BC315 /* Security.framework */,
				A29FC1421A5D9361006BC315 /* Social.framework */,
				A29FC1431A5D9361006BC315 /* StoreKit.framework */,
				A29FC1441A5D9361006BC315 /* SystemConfiguration.framework */,
				A29FC1451A5D9361006BC315 /* Twitter.framework */,
				A29FC1461A5D9361006BC315 /* UIKit.framework */,
				A29FC1301A5D92B2006BC315 /* Bolts.framework */,
				A29FC1311A5D92B2006BC315 /* Parse.framework */,
				A29FC1321A5D92B2006BC315 /* ParseCrashReporting.framework */,
				A29FC1331A5D92B2006BC315 /* ParseFacebookUtils.framework */,
				A29FC1341A5D92B2006BC315 /* ParseUI.framework */,
				A29FC10D1A5D9269006BC315 /* Login */,
				A29FC1231A5D9269006BC315 /* LoginTests */,
				A29FC10C1A5D9269006BC315 /* Products */,
			);
			sourceTree = "<group>";
		};
		A29FC10C1A5D9269006BC315 /* Products */ = {
			isa = PBXGroup;
			children = (
				A29FC10B1A5D9269006BC315 /* Login.app */,
				A29FC1201A5D9269006BC315 /* LoginTests.xctest */,
			);
			name = Products;
			sourceTree = "<group>";
		};
		A29FC10D1A5D9269006BC315 /* Login */ = {
			isa = PBXGroup;
			children = (
				A29FC1101A5D9269006BC315 /* AppDelegate.swift */,
				A29FC1121A5D9269006BC315 /* ViewController.swift */,
				A29FC15B1A5D9669006BC315 /* CreateUser.swift */,
				A29FC1141A5D9269006BC315 /* Main.storyboard */,
				A29FC1171A5D9269006BC315 /* Images.xcassets */,
				A29FC1191A5D9269006BC315 /* LaunchScreen.xib */,
				A29FC10E1A5D9269006BC315 /* Supporting Files */,
				A29FC1581A5D9568006BC315 /* Login-Bridging-Header.h */,
			);
			path = Login;
			sourceTree = "<group>";
		};
		A29FC10E1A5D9269006BC315 /* Supporting Files */ = {
			isa = PBXGroup;
			children = (
				A29FC10F1A5D9269006BC315 /* Info.plist */,
			);
			name = "Supporting Files";
			sourceTree = "<group>";
		};
		A29FC1231A5D9269006BC315 /* LoginTests */ = {
			isa = PBXGroup;
			children = (
				A29FC1261A5D9269006BC315 /* LoginTests.swift */,
				A29FC1241A5D9269006BC315 /* Supporting Files */,
			);
			path = LoginTests;
			sourceTree = "<group>";
		};
		A29FC1241A5D9269006BC315 /* Supporting Files */ = {
			isa = PBXGroup;
			children = (
				A29FC1251A5D9269006BC315 /* Info.plist */,
			);
			name = "Supporting Files";
			sourceTree = "<group>";
		};
/* End PBXGroup section */

/* Begin PBXNativeTarget section */
		A29FC10A1A5D9269006BC315 /* Login */ = {
			isa = PBXNativeTarget;
			buildConfigurationList = A29FC12A1A5D9269006BC315 /* Build configuration list for PBXNativeTarget "Login" */;
			buildPhases = (
				A29FC1071A5D9269006BC315 /* Sources */,
				A29FC1081A5D9269006BC315 /* Frameworks */,
				A29FC1091A5D9269006BC315 /* Resources */,
			);
			buildRules = (
			);
			dependencies = (
			);
			name = Login;
			productName = Login;
			productReference = A29FC10B1A5D9269006BC315 /* Login.app */;
			productType = "com.apple.product-type.application";
		};
		A29FC11F1A5D9269006BC315 /* LoginTests */ = {
			isa = PBXNativeTarget;
			buildConfigurationList = A29FC12D1A5D9269006BC315 /* Build configuration list for PBXNativeTarget "LoginTests" */;
			buildPhases = (
				A29FC11C1A5D9269006BC315 /* Sources */,
				A29FC11D1A5D9269006BC315 /* Frameworks */,
				A29FC11E1A5D9269006BC315 /* Resources */,
			);
			buildRules = (
			);
			dependencies = (
				A29FC1221A5D9269006BC315 /* PBXTargetDependency */,
			);
			name = LoginTests;
			productName = LoginTests;
			productReference = A29FC1201A5D9269006BC315 /* LoginTests.xctest */;
			productType = "com.apple.product-type.bundle.unit-test";
		};
/* End PBXNativeTarget section */

/* Begin PBXProject section */
		A29FC1031A5D9269006BC315 /* Project object */ = {
			isa = PBXProject;
			attributes = {
				LastUpgradeCheck = 0610;
				ORGANIZATIONNAME = "Santosh Sankar";
				TargetAttributes = {
					A29FC10A1A5D9269006BC315 = {
						CreatedOnToolsVersion = 6.1.1;
					};
					A29FC11F1A5D9269006BC315 = {
						CreatedOnToolsVersion = 6.1.1;
						TestTargetID = A29FC10A1A5D9269006BC315;
					};
				};
			};
			buildConfigurationList = A29FC1061A5D9269006BC315 /* Build configuration list for PBXProject "Login" */;
			compatibilityVersion = "Xcode 3.2";
			developmentRegion = English;
			hasScannedForEncodings = 0;
			knownRegions = (
				en,
				Base,
			);
			mainGroup = A29FC1021A5D9269006BC315;
			productRefGroup = A29FC10C1A5D9269006BC315 /* Products */;
			projectDirPath = "";
			projectRoot = "";
			targets = (
				A29FC10A1A5D9269006BC315 /* Login */,
				A29FC11F1A5D9269006BC315 /* LoginTests */,
			);
		};
/* End PBXProject section */

/* Begin PBXResourcesBuildPhase section */
		A29FC1091A5D9269006BC315 /* Resources */ = {
			isa = PBXResourcesBuildPhase;
			buildActionMask = 2147483647;
			files = (
				A29FC1161A5D9269006BC315 /* Main.storyboard in Resources */,
				A29FC11B1A5D9269006BC315 /* LaunchScreen.xib in Resources */,
				A29FC1181A5D9269006BC315 /* Images.xcassets in Resources */,
			);
			runOnlyForDeploymentPostprocessing = 0;
		};
		A29FC11E1A5D9269006BC315 /* Resources */ = {
			isa = PBXResourcesBuildPhase;
			buildActionMask = 2147483647;
			files = (
			);
			runOnlyForDeploymentPostprocessing = 0;
		};
/* End PBXResourcesBuildPhase section */

/* Begin PBXSourcesBuildPhase section */
		A29FC1071A5D9269006BC315 /* Sources */ = {
			isa = PBXSourcesBuildPhase;
			buildActionMask = 2147483647;
			files = (
				A29FC1131A5D9269006BC315 /* ViewController.swift in Sources */,
				A29FC15C1A5D9669006BC315 /* CreateUser.swift in Sources */,
				A29FC1111A5D9269006BC315 /* AppDelegate.swift in Sources */,
			);
			runOnlyForDeploymentPostprocessing = 0;
		};
		A29FC11C1A5D9269006BC315 /* Sources */ = {
			isa = PBXSourcesBuildPhase;
			buildActionMask = 2147483647;
			files = (
				A29FC1271A5D9269006BC315 /* LoginTests.swift in Sources */,
			);
			runOnlyForDeploymentPostprocessing = 0;
		};
/* End PBXSourcesBuildPhase section */

/* Begin PBXTargetDependency section */
		A29FC1221A5D9269006BC315 /* PBXTargetDependency */ = {
			isa = PBXTargetDependency;
			target = A29FC10A1A5D9269006BC315 /* Login */;
			targetProxy = A29FC1211A5D9269006BC315 /* PBXContainerItemProxy */;
		};
/* End PBXTargetDependency section */

/* Begin PBXVariantGroup section */
		A29FC1141A5D9269006BC315 /* Main.storyboard */ = {
			isa = PBXVariantGroup;
			children = (
				A29FC1151A5D9269006BC315 /* Base */,
			);
			name = Main.storyboard;
			sourceTree = "<group>";
		};
		A29FC1191A5D9269006BC315 /* LaunchScreen.xib */ = {
			isa = PBXVariantGroup;
			children = (
				A29FC11A1A5D9269006BC315 /* Base */,
			);
			name = LaunchScreen.xib;
			sourceTree = "<group>";
		};
/* End PBXVariantGroup section */

/* Begin XCBuildConfiguration section */
		A29FC1281A5D9269006BC315 /* Debug */ = {
			isa = XCBuildConfiguration;
			buildSettings = {
				ALWAYS_SEARCH_USER_PATHS = NO;
				CLANG_CXX_LANGUAGE_STANDARD = "gnu++0x";
				CLANG_CXX_LIBRARY = "libc++";
				CLANG_ENABLE_MODULES = YES;
				CLANG_ENABLE_OBJC_ARC = YES;
				CLANG_WARN_BOOL_CONVERSION = YES;
				CLANG_WARN_CONSTANT_CONVERSION = YES;
				CLANG_WARN_DIRECT_OBJC_ISA_USAGE = YES_ERROR;
				CLANG_WARN_EMPTY_BODY = YES;
				CLANG_WARN_ENUM_CONVERSION = YES;
				CLANG_WARN_INT_CONVERSION = YES;
				CLANG_WARN_OBJC_ROOT_CLASS = YES_ERROR;
				CLANG_WARN_UNREACHABLE_CODE = YES;
				CLANG_WARN__DUPLICATE_METHOD_MATCH = YES;
				"CODE_SIGN_IDENTITY[sdk=iphoneos*]" = "iPhone Developer";
				COPY_PHASE_STRIP = NO;
				ENABLE_STRICT_OBJC_MSGSEND = YES;
				GCC_C_LANGUAGE_STANDARD = gnu99;
				GCC_DYNAMIC_NO_PIC = NO;
				GCC_OPTIMIZATION_LEVEL = 0;
				GCC_PREPROCESSOR_DEFINITIONS = (
					"DEBUG=1",
					"$(inherited)",
				);
				GCC_SYMBOLS_PRIVATE_EXTERN = NO;
				GCC_WARN_64_TO_32_BIT_CONVERSION = YES;
				GCC_WARN_ABOUT_RETURN_TYPE = YES_ERROR;
				GCC_WARN_UNDECLARED_SELECTOR = YES;
				GCC_WARN_UNINITIALIZED_AUTOS = YES_AGGRESSIVE;
				GCC_WARN_UNUSED_FUNCTION = YES;
				GCC_WARN_UNUSED_VARIABLE = YES;
				IPHONEOS_DEPLOYMENT_TARGET = 8.1;
				MTL_ENABLE_DEBUG_INFO = YES;
				ONLY_ACTIVE_ARCH = YES;
				SDKROOT = iphoneos;
				SWIFT_OPTIMIZATION_LEVEL = "-Onone";
				TARGETED_DEVICE_FAMILY = "1,2";
			};
			name = Debug;
		};
		A29FC1291A5D9269006BC315 /* Release */ = {
			isa = XCBuildConfiguration;
			buildSettings = {
				ALWAYS_SEARCH_USER_PATHS = NO;
				CLANG_CXX_LANGUAGE_STANDARD = "gnu++0x";
				CLANG_CXX_LIBRARY = "libc++";
				CLANG_ENABLE_MODULES = YES;
				CLANG_ENABLE_OBJC_ARC = YES;
				CLANG_WARN_BOOL_CONVERSION = YES;
				CLANG_WARN_CONSTANT_CONVERSION = YES;
				CLANG_WARN_DIRECT_OBJC_ISA_USAGE = YES_ERROR;
				CLANG_WARN_EMPTY_BODY = YES;
				CLANG_WARN_ENUM_CONVERSION = YES;
				CLANG_WARN_INT_CONVERSION = YES;
				CLANG_WARN_OBJC_ROOT_CLASS = YES_ERROR;
				CLANG_WARN_UNREACHABLE_CODE = YES;
				CLANG_WARN__DUPLICATE_METHOD_MATCH = YES;
				"CODE_SIGN_IDENTITY[sdk=iphoneos*]" = "iPhone Developer";
				COPY_PHASE_STRIP = YES;
				ENABLE_NS_ASSERTIONS = NO;
				ENABLE_STRICT_OBJC_MSGSEND = YES;
				GCC_C_LANGUAGE_STANDARD = gnu99;
				GCC_WARN_64_TO_32_BIT_CONVERSION = YES;
				GCC_WARN_ABOUT_RETURN_TYPE = YES_ERROR;
				GCC_WARN_UNDECLARED_SELECTOR = YES;
				GCC_WARN_UNINITIALIZED_AUTOS = YES_AGGRESSIVE;
				GCC_WARN_UNUSED_FUNCTION = YES;
				GCC_WARN_UNUSED_VARIABLE = YES;
				IPHONEOS_DEPLOYMENT_TARGET = 8.1;
				MTL_ENABLE_DEBUG_INFO = NO;
				SDKROOT = iphoneos;
				TARGETED_DEVICE_FAMILY = "1,2";
				VALIDATE_PRODUCT = YES;
			};
			name = Release;
		};
		A29FC12B1A5D9269006BC315 /* Debug */ = {
			isa = XCBuildConfiguration;
			buildSettings = {
				ASSETCATALOG_COMPILER_APPICON_NAME = AppIcon;
				CLANG_ENABLE_MODULES = YES;
				FRAMEWORK_SEARCH_PATHS = (
					"$(inherited)",
					"$(PROJECT_DIR)",
				);
				INFOPLIST_FILE = Login/Info.plist;
				LD_RUNPATH_SEARCH_PATHS = "$(inherited) @executable_path/Frameworks";
				PRODUCT_NAME = "$(TARGET_NAME)";
				SWIFT_OBJC_BRIDGING_HEADER = "Login/Login-Bridging-Header.h";
				SWIFT_OPTIMIZATION_LEVEL = "-Onone";
			};
			name = Debug;
		};
		A29FC12C1A5D9269006BC315 /* Release */ = {
			isa = XCBuildConfiguration;
			buildSettings = {
				ASSETCATALOG_COMPILER_APPICON_NAME = AppIcon;
				CLANG_ENABLE_MODULES = YES;
				FRAMEWORK_SEARCH_PATHS = (
					"$(inherited)",
					"$(PROJECT_DIR)",
				);
				INFOPLIST_FILE = Login/Info.plist;
				LD_RUNPATH_SEARCH_PATHS = "$(inherited) @executable_path/Frameworks";
				PRODUCT_NAME = "$(TARGET_NAME)";
				SWIFT_OBJC_BRIDGING_HEADER = "Login/Login-Bridging-Header.h";
			};
			name = Release;
		};
		A29FC12E1A5D9269006BC315 /* Debug */ = {
			isa = XCBuildConfiguration;
			buildSettings = {
				BUNDLE_LOADER = "$(TEST_HOST)";
				FRAMEWORK_SEARCH_PATHS = (
					"$(SDKROOT)/Developer/Library/Frameworks",
					"$(inherited)",
				);
				GCC_PREPROCESSOR_DEFINITIONS = (
					"DEBUG=1",
					"$(inherited)",
				);
				INFOPLIST_FILE = LoginTests/Info.plist;
				LD_RUNPATH_SEARCH_PATHS = "$(inherited) @executable_path/Frameworks @loader_path/Frameworks";
				PRODUCT_NAME = "$(TARGET_NAME)";
				TEST_HOST = "$(BUILT_PRODUCTS_DIR)/Login.app/Login";
			};
			name = Debug;
		};
		A29FC12F1A5D9269006BC315 /* Release */ = {
			isa = XCBuildConfiguration;
			buildSettings = {
				BUNDLE_LOADER = "$(TEST_HOST)";
				FRAMEWORK_SEARCH_PATHS = (
					"$(SDKROOT)/Developer/Library/Frameworks",
					"$(inherited)",
				);
				INFOPLIST_FILE = LoginTests/Info.plist;
				LD_RUNPATH_SEARCH_PATHS = "$(inherited) @executable_path/Frameworks @loader_path/Frameworks";
				PRODUCT_NAME = "$(TARGET_NAME)";
				TEST_HOST = "$(BUILT_PRODUCTS_DIR)/Login.app/Login";
			};
			name = Release;
		};
/* End XCBuildConfiguration section */

/* Begin XCConfigurationList section */
		A29FC1061A5D9269006BC315 /* Build configuration list for PBXProject "Login" */ = {
			isa = XCConfigurationList;
			buildConfigurations = (
				A29FC1281A5D9269006BC315 /* Debug */,
				A29FC1291A5D9269006BC315 /* Release */,
			);
			defaultConfigurationIsVisible = 0;
			defaultConfigurationName = Release;
		};
		A29FC12A1A5D9269006BC315 /* Build configuration list for PBXNativeTarget "Login" */ = {
			isa = XCConfigurationList;
			buildConfigurations = (
				A29FC12B1A5D9269006BC315 /* Debug */,
				A29FC12C1A5D9269006BC315 /* Release */,
			);
			defaultConfigurationIsVisible = 0;
		};
		A29FC12D1A5D9269006BC315 /* Build configuration list for PBXNativeTarget "LoginTests" */ = {
			isa = XCConfigurationList;
			buildConfigurations = (
				A29FC12E1A5D9269006BC315 /* Debug */,
				A29FC12F1A5D9269006BC315 /* Release */,
			);
			defaultConfigurationIsVisible = 0;
		};
/* End XCConfigurationList section */
	};
	rootObject = A29FC1031A5D9269006BC315 /* Project object */;
}
